// !$*UTF8*$!
{
	archiveVersion = 1;
	classes = {
	};
	objectVersion = 56;
	objects = {

/* Begin PBXBuildFile section */
		AC1E567C298C7BE40051F192 /* flight_plan_viewerApp.swift in Sources */ = {isa = PBXBuildFile; fileRef = AC1E567B298C7BE40051F192 /* flight_plan_viewerApp.swift */; };
		AC1E5680298C7BE70051F192 /* Assets.xcassets in Resources */ = {isa = PBXBuildFile; fileRef = AC1E567F298C7BE70051F192 /* Assets.xcassets */; };
		AC1E5683298C7BE70051F192 /* Preview Assets.xcassets in Resources */ = {isa = PBXBuildFile; fileRef = AC1E5682298C7BE70051F192 /* Preview Assets.xcassets */; };
		AC1E568D298C7BE70051F192 /* flight_plan_viewerTests.swift in Sources */ = {isa = PBXBuildFile; fileRef = AC1E568C298C7BE70051F192 /* flight_plan_viewerTests.swift */; };
		AC1E56A8298C7CC30051F192 /* SimbriefUser.swift in Sources */ = {isa = PBXBuildFile; fileRef = AC1E56A7298C7CC30051F192 /* SimbriefUser.swift */; };
		AC1E56AB298C7D340051F192 /* UserController.swift in Sources */ = {isa = PBXBuildFile; fileRef = AC1E56AA298C7D340051F192 /* UserController.swift */; };
		AC1E56AD298C7D570051F192 /* SimbriefView.swift in Sources */ = {isa = PBXBuildFile; fileRef = AC1E56AC298C7D570051F192 /* SimbriefView.swift */; };
		AC1E56B1298C7EE30051F192 /* SettingsView.swift in Sources */ = {isa = PBXBuildFile; fileRef = AC1E56B0298C7EE30051F192 /* SettingsView.swift */; };
		AC1E56B3298C814E0051F192 /* MainView.swift in Sources */ = {isa = PBXBuildFile; fileRef = AC1E56B2298C814E0051F192 /* MainView.swift */; };
		AC4F9F44298DEEC20002B959 /* simbrief-flight-plan.json in Resources */ = {isa = PBXBuildFile; fileRef = AC4F9F43298DEEC20002B959 /* simbrief-flight-plan.json */; };
		AC4F9F47298DEF2D0002B959 /* Mocker in Frameworks */ = {isa = PBXBuildFile; productRef = AC4F9F46298DEF2D0002B959 /* Mocker */; };
		ACDED084298DB28F00773C16 /* Alamofire in Frameworks */ = {isa = PBXBuildFile; productRef = ACDED083298DB28F00773C16 /* Alamofire */; };
		ACDED087298DB2BC00773C16 /* SimbriefAPI.swift in Sources */ = {isa = PBXBuildFile; fileRef = ACDED086298DB2BC00773C16 /* SimbriefAPI.swift */; };
		ACDF307A29968B6B00A21DE4 /* RouteMapView.swift in Sources */ = {isa = PBXBuildFile; fileRef = ACDF307929968B6B00A21DE4 /* RouteMapView.swift */; };
/* End PBXBuildFile section */

/* Begin PBXContainerItemProxy section */
		AC1E5689298C7BE70051F192 /* PBXContainerItemProxy */ = {
			isa = PBXContainerItemProxy;
			containerPortal = AC1E5670298C7BE40051F192 /* Project object */;
			proxyType = 1;
			remoteGlobalIDString = AC1E5677298C7BE40051F192;
			remoteInfo = "flight-plan-viewer";
		};
/* End PBXContainerItemProxy section */

/* Begin PBXFileReference section */
		AC1E5678298C7BE40051F192 /* flight-plan-viewer.app */ = {isa = PBXFileReference; explicitFileType = wrapper.application; includeInIndex = 0; path = "flight-plan-viewer.app"; sourceTree = BUILT_PRODUCTS_DIR; };
		AC1E567B298C7BE40051F192 /* flight_plan_viewerApp.swift */ = {isa = PBXFileReference; lastKnownFileType = sourcecode.swift; path = flight_plan_viewerApp.swift; sourceTree = "<group>"; };
		AC1E567F298C7BE70051F192 /* Assets.xcassets */ = {isa = PBXFileReference; lastKnownFileType = folder.assetcatalog; path = Assets.xcassets; sourceTree = "<group>"; };
		AC1E5682298C7BE70051F192 /* Preview Assets.xcassets */ = {isa = PBXFileReference; lastKnownFileType = folder.assetcatalog; path = "Preview Assets.xcassets"; sourceTree = "<group>"; };
		AC1E5688298C7BE70051F192 /* flight-plan-viewerTests.xctest */ = {isa = PBXFileReference; explicitFileType = wrapper.cfbundle; includeInIndex = 0; path = "flight-plan-viewerTests.xctest"; sourceTree = BUILT_PRODUCTS_DIR; };
		AC1E568C298C7BE70051F192 /* flight_plan_viewerTests.swift */ = {isa = PBXFileReference; lastKnownFileType = sourcecode.swift; path = flight_plan_viewerTests.swift; sourceTree = "<group>"; };
		AC1E56A7298C7CC30051F192 /* SimbriefUser.swift */ = {isa = PBXFileReference; lastKnownFileType = sourcecode.swift; path = SimbriefUser.swift; sourceTree = "<group>"; };
		AC1E56AA298C7D340051F192 /* UserController.swift */ = {isa = PBXFileReference; lastKnownFileType = sourcecode.swift; path = UserController.swift; sourceTree = "<group>"; };
		AC1E56AC298C7D570051F192 /* SimbriefView.swift */ = {isa = PBXFileReference; lastKnownFileType = sourcecode.swift; path = SimbriefView.swift; sourceTree = "<group>"; };
		AC1E56B0298C7EE30051F192 /* SettingsView.swift */ = {isa = PBXFileReference; lastKnownFileType = sourcecode.swift; path = SettingsView.swift; sourceTree = "<group>"; };
		AC1E56B2298C814E0051F192 /* MainView.swift */ = {isa = PBXFileReference; lastKnownFileType = sourcecode.swift; path = MainView.swift; sourceTree = "<group>"; };
		AC4F9F41298DEB880002B959 /* Info.plist */ = {isa = PBXFileReference; lastKnownFileType = text.plist; path = Info.plist; sourceTree = "<group>"; };
		AC4F9F43298DEEC20002B959 /* simbrief-flight-plan.json */ = {isa = PBXFileReference; lastKnownFileType = text.json; path = "simbrief-flight-plan.json"; sourceTree = "<group>"; };
		ACDED086298DB2BC00773C16 /* SimbriefAPI.swift */ = {isa = PBXFileReference; lastKnownFileType = sourcecode.swift; path = SimbriefAPI.swift; sourceTree = "<group>"; };
		ACDF307929968B6B00A21DE4 /* RouteMapView.swift */ = {isa = PBXFileReference; lastKnownFileType = sourcecode.swift; path = RouteMapView.swift; sourceTree = "<group>"; };
/* End PBXFileReference section */

/* Begin PBXFrameworksBuildPhase section */
		AC1E5675298C7BE40051F192 /* Frameworks */ = {
			isa = PBXFrameworksBuildPhase;
			buildActionMask = 2147483647;
			files = (
				ACDED084298DB28F00773C16 /* Alamofire in Frameworks */,
				AC4F9F47298DEF2D0002B959 /* Mocker in Frameworks */,
			);
			runOnlyForDeploymentPostprocessing = 0;
		};
		AC1E5685298C7BE70051F192 /* Frameworks */ = {
			isa = PBXFrameworksBuildPhase;
			buildActionMask = 2147483647;
			files = (
			);
			runOnlyForDeploymentPostprocessing = 0;
		};
/* End PBXFrameworksBuildPhase section */

/* Begin PBXGroup section */
		AC1E566F298C7BE40051F192 = {
			isa = PBXGroup;
			children = (
				AC1E567A298C7BE40051F192 /* flight-plan-viewer */,
				AC1E568B298C7BE70051F192 /* flight-plan-viewerTests */,
				AC1E5679298C7BE40051F192 /* Products */,
			);
			sourceTree = "<group>";
		};
		AC1E5679298C7BE40051F192 /* Products */ = {
			isa = PBXGroup;
			children = (
				AC1E5678298C7BE40051F192 /* flight-plan-viewer.app */,
				AC1E5688298C7BE70051F192 /* flight-plan-viewerTests.xctest */,
			);
			name = Products;
			sourceTree = "<group>";
		};
		AC1E567A298C7BE40051F192 /* flight-plan-viewer */ = {
			isa = PBXGroup;
			children = (
				AC4F9F42298DEE9A0002B959 /* mock-data */,
				AC4F9F41298DEB880002B959 /* Info.plist */,
				AC1E56A9298C7D210051F192 /* controllers */,
				AC1E56A6298C7CBE0051F192 /* models */,
				AC1E56A5298C7C9E0051F192 /* views */,
				AC1E567B298C7BE40051F192 /* flight_plan_viewerApp.swift */,
				AC1E56B2298C814E0051F192 /* MainView.swift */,
				AC1E567F298C7BE70051F192 /* Assets.xcassets */,
				AC1E5681298C7BE70051F192 /* Preview Content */,
			);
			path = "flight-plan-viewer";
			sourceTree = "<group>";
		};
		AC1E5681298C7BE70051F192 /* Preview Content */ = {
			isa = PBXGroup;
			children = (
				AC1E5682298C7BE70051F192 /* Preview Assets.xcassets */,
			);
			path = "Preview Content";
			sourceTree = "<group>";
		};
		AC1E568B298C7BE70051F192 /* flight-plan-viewerTests */ = {
			isa = PBXGroup;
			children = (
				AC1E568C298C7BE70051F192 /* flight_plan_viewerTests.swift */,
			);
			path = "flight-plan-viewerTests";
			sourceTree = "<group>";
		};
		AC1E56A5298C7C9E0051F192 /* views */ = {
			isa = PBXGroup;
			children = (
				AC1E56AC298C7D570051F192 /* SimbriefView.swift */,
				AC1E56B0298C7EE30051F192 /* SettingsView.swift */,
				ACDF307929968B6B00A21DE4 /* RouteMapView.swift */,
			);
			path = views;
			sourceTree = "<group>";
		};
		AC1E56A6298C7CBE0051F192 /* models */ = {
			isa = PBXGroup;
			children = (
				ACDED085298DB2AF00773C16 /* networking */,
				AC1E56A7298C7CC30051F192 /* SimbriefUser.swift */,
			);
			path = models;
			sourceTree = "<group>";
		};
		AC1E56A9298C7D210051F192 /* controllers */ = {
			isa = PBXGroup;
			children = (
				AC1E56AA298C7D340051F192 /* UserController.swift */,
			);
			path = controllers;
			sourceTree = "<group>";
		};
		AC4F9F42298DEE9A0002B959 /* mock-data */ = {
			isa = PBXGroup;
			children = (
				AC4F9F43298DEEC20002B959 /* simbrief-flight-plan.json */,
			);
			path = "mock-data";
			sourceTree = "<group>";
		};
		ACDED085298DB2AF00773C16 /* networking */ = {
			isa = PBXGroup;
			children = (
				ACDED086298DB2BC00773C16 /* SimbriefAPI.swift */,
			);
			path = networking;
			sourceTree = "<group>";
		};
/* End PBXGroup section */

/* Begin PBXNativeTarget section */
		AC1E5677298C7BE40051F192 /* flight-plan-viewer */ = {
			isa = PBXNativeTarget;
			buildConfigurationList = AC1E569C298C7BE70051F192 /* Build configuration list for PBXNativeTarget "flight-plan-viewer" */;
			buildPhases = (
				AC1E5674298C7BE40051F192 /* Sources */,
				AC1E5675298C7BE40051F192 /* Frameworks */,
				AC1E5676298C7BE40051F192 /* Resources */,
			);
			buildRules = (
			);
			dependencies = (
			);
			name = "flight-plan-viewer";
			packageProductDependencies = (
				ACDED083298DB28F00773C16 /* Alamofire */,
				AC4F9F46298DEF2D0002B959 /* Mocker */,
			);
			productName = "flight-plan-viewer";
			productReference = AC1E5678298C7BE40051F192 /* flight-plan-viewer.app */;
			productType = "com.apple.product-type.application";
		};
		AC1E5687298C7BE70051F192 /* flight-plan-viewerTests */ = {
			isa = PBXNativeTarget;
			buildConfigurationList = AC1E569F298C7BE70051F192 /* Build configuration list for PBXNativeTarget "flight-plan-viewerTests" */;
			buildPhases = (
				AC1E5684298C7BE70051F192 /* Sources */,
				AC1E5685298C7BE70051F192 /* Frameworks */,
				AC1E5686298C7BE70051F192 /* Resources */,
			);
			buildRules = (
			);
			dependencies = (
				AC1E568A298C7BE70051F192 /* PBXTargetDependency */,
			);
			name = "flight-plan-viewerTests";
			productName = "flight-plan-viewerTests";
			productReference = AC1E5688298C7BE70051F192 /* flight-plan-viewerTests.xctest */;
			productType = "com.apple.product-type.bundle.unit-test";
		};
/* End PBXNativeTarget section */

/* Begin PBXProject section */
		AC1E5670298C7BE40051F192 /* Project object */ = {
			isa = PBXProject;
			attributes = {
				BuildIndependentTargetsInParallel = 1;
				LastSwiftUpdateCheck = 1420;
				LastUpgradeCheck = 1420;
				TargetAttributes = {
					AC1E5677298C7BE40051F192 = {
						CreatedOnToolsVersion = 14.2;
					};
					AC1E5687298C7BE70051F192 = {
						CreatedOnToolsVersion = 14.2;
						TestTargetID = AC1E5677298C7BE40051F192;
					};
				};
			};
			buildConfigurationList = AC1E5673298C7BE40051F192 /* Build configuration list for PBXProject "flight-plan-viewer" */;
			compatibilityVersion = "Xcode 14.0";
			developmentRegion = en;
			hasScannedForEncodings = 0;
			knownRegions = (
				en,
				Base,
			);
			mainGroup = AC1E566F298C7BE40051F192;
			packageReferences = (
				ACDED082298DB28F00773C16 /* XCRemoteSwiftPackageReference "Alamofire" */,
				AC4F9F45298DEF2D0002B959 /* XCRemoteSwiftPackageReference "Mocker" */,
			);
			productRefGroup = AC1E5679298C7BE40051F192 /* Products */;
			projectDirPath = "";
			projectRoot = "";
			targets = (
				AC1E5677298C7BE40051F192 /* flight-plan-viewer */,
				AC1E5687298C7BE70051F192 /* flight-plan-viewerTests */,
			);
		};
/* End PBXProject section */

/* Begin PBXResourcesBuildPhase section */
		AC1E5676298C7BE40051F192 /* Resources */ = {
			isa = PBXResourcesBuildPhase;
			buildActionMask = 2147483647;
			files = (
				AC4F9F44298DEEC20002B959 /* simbrief-flight-plan.json in Resources */,
				AC1E5683298C7BE70051F192 /* Preview Assets.xcassets in Resources */,
				AC1E5680298C7BE70051F192 /* Assets.xcassets in Resources */,
			);
			runOnlyForDeploymentPostprocessing = 0;
		};
		AC1E5686298C7BE70051F192 /* Resources */ = {
			isa = PBXResourcesBuildPhase;
			buildActionMask = 2147483647;
			files = (
			);
			runOnlyForDeploymentPostprocessing = 0;
		};
/* End PBXResourcesBuildPhase section */

/* Begin PBXSourcesBuildPhase section */
		AC1E5674298C7BE40051F192 /* Sources */ = {
			isa = PBXSourcesBuildPhase;
			buildActionMask = 2147483647;
			files = (
				AC1E56B1298C7EE30051F192 /* SettingsView.swift in Sources */,
				AC1E56B3298C814E0051F192 /* MainView.swift in Sources */,
				AC1E567C298C7BE40051F192 /* flight_plan_viewerApp.swift in Sources */,
				ACDED087298DB2BC00773C16 /* SimbriefAPI.swift in Sources */,
				AC1E56AB298C7D340051F192 /* UserController.swift in Sources */,
				ACDF307A29968B6B00A21DE4 /* RouteMapView.swift in Sources */,
				AC1E56AD298C7D570051F192 /* SimbriefView.swift in Sources */,
				AC1E56A8298C7CC30051F192 /* SimbriefUser.swift in Sources */,
			);
			runOnlyForDeploymentPostprocessing = 0;
		};
		AC1E5684298C7BE70051F192 /* Sources */ = {
			isa = PBXSourcesBuildPhase;
			buildActionMask = 2147483647;
			files = (
				AC1E568D298C7BE70051F192 /* flight_plan_viewerTests.swift in Sources */,
			);
			runOnlyForDeploymentPostprocessing = 0;
		};
/* End PBXSourcesBuildPhase section */

/* Begin PBXTargetDependency section */
		AC1E568A298C7BE70051F192 /* PBXTargetDependency */ = {
			isa = PBXTargetDependency;
			target = AC1E5677298C7BE40051F192 /* flight-plan-viewer */;
			targetProxy = AC1E5689298C7BE70051F192 /* PBXContainerItemProxy */;
		};
/* End PBXTargetDependency section */

/* Begin XCBuildConfiguration section */
		AC1E569A298C7BE70051F192 /* Debug */ = {
			isa = XCBuildConfiguration;
			buildSettings = {
				ALWAYS_SEARCH_USER_PATHS = NO;
				CLANG_ANALYZER_NONNULL = YES;
				CLANG_ANALYZER_NUMBER_OBJECT_CONVERSION = YES_AGGRESSIVE;
				CLANG_CXX_LANGUAGE_STANDARD = "gnu++20";
				CLANG_ENABLE_MODULES = YES;
				CLANG_ENABLE_OBJC_ARC = YES;
				CLANG_ENABLE_OBJC_WEAK = YES;
				CLANG_WARN_BLOCK_CAPTURE_AUTORELEASING = YES;
				CLANG_WARN_BOOL_CONVERSION = YES;
				CLANG_WARN_COMMA = YES;
				CLANG_WARN_CONSTANT_CONVERSION = YES;
				CLANG_WARN_DEPRECATED_OBJC_IMPLEMENTATIONS = YES;
				CLANG_WARN_DIRECT_OBJC_ISA_USAGE = YES_ERROR;
				CLANG_WARN_DOCUMENTATION_COMMENTS = YES;
				CLANG_WARN_EMPTY_BODY = YES;
				CLANG_WARN_ENUM_CONVERSION = YES;
				CLANG_WARN_INFINITE_RECURSION = YES;
				CLANG_WARN_INT_CONVERSION = YES;
				CLANG_WARN_NON_LITERAL_NULL_CONVERSION = YES;
				CLANG_WARN_OBJC_IMPLICIT_RETAIN_SELF = YES;
				CLANG_WARN_OBJC_LITERAL_CONVERSION = YES;
				CLANG_WARN_OBJC_ROOT_CLASS = YES_ERROR;
				CLANG_WARN_QUOTED_INCLUDE_IN_FRAMEWORK_HEADER = YES;
				CLANG_WARN_RANGE_LOOP_ANALYSIS = YES;
				CLANG_WARN_STRICT_PROTOTYPES = YES;
				CLANG_WARN_SUSPICIOUS_MOVE = YES;
				CLANG_WARN_UNGUARDED_AVAILABILITY = YES_AGGRESSIVE;
				CLANG_WARN_UNREACHABLE_CODE = YES;
				CLANG_WARN__DUPLICATE_METHOD_MATCH = YES;
				COPY_PHASE_STRIP = NO;
				DEBUG_INFORMATION_FORMAT = dwarf;
				ENABLE_STRICT_OBJC_MSGSEND = YES;
				ENABLE_TESTABILITY = YES;
				GCC_C_LANGUAGE_STANDARD = gnu11;
				GCC_DYNAMIC_NO_PIC = NO;
				GCC_NO_COMMON_BLOCKS = YES;
				GCC_OPTIMIZATION_LEVEL = 0;
				GCC_PREPROCESSOR_DEFINITIONS = (
					"DEBUG=1",
					"$(inherited)",
				);
				GCC_WARN_64_TO_32_BIT_CONVERSION = YES;
				GCC_WARN_ABOUT_RETURN_TYPE = YES_ERROR;
				GCC_WARN_UNDECLARED_SELECTOR = YES;
				GCC_WARN_UNINITIALIZED_AUTOS = YES_AGGRESSIVE;
				GCC_WARN_UNUSED_FUNCTION = YES;
				GCC_WARN_UNUSED_VARIABLE = YES;
				IPHONEOS_DEPLOYMENT_TARGET = 16.2;
				MTL_ENABLE_DEBUG_INFO = INCLUDE_SOURCE;
				MTL_FAST_MATH = YES;
				ONLY_ACTIVE_ARCH = YES;
				SDKROOT = iphoneos;
				SWIFT_ACTIVE_COMPILATION_CONDITIONS = DEBUG;
				SWIFT_OPTIMIZATION_LEVEL = "-Onone";
			};
			name = Debug;
		};
		AC1E569B298C7BE70051F192 /* Release */ = {
			isa = XCBuildConfiguration;
			buildSettings = {
				ALWAYS_SEARCH_USER_PATHS = NO;
				CLANG_ANALYZER_NONNULL = YES;
				CLANG_ANALYZER_NUMBER_OBJECT_CONVERSION = YES_AGGRESSIVE;
				CLANG_CXX_LANGUAGE_STANDARD = "gnu++20";
				CLANG_ENABLE_MODULES = YES;
				CLANG_ENABLE_OBJC_ARC = YES;
				CLANG_ENABLE_OBJC_WEAK = YES;
				CLANG_WARN_BLOCK_CAPTURE_AUTORELEASING = YES;
				CLANG_WARN_BOOL_CONVERSION = YES;
				CLANG_WARN_COMMA = YES;
				CLANG_WARN_CONSTANT_CONVERSION = YES;
				CLANG_WARN_DEPRECATED_OBJC_IMPLEMENTATIONS = YES;
				CLANG_WARN_DIRECT_OBJC_ISA_USAGE = YES_ERROR;
				CLANG_WARN_DOCUMENTATION_COMMENTS = YES;
				CLANG_WARN_EMPTY_BODY = YES;
				CLANG_WARN_ENUM_CONVERSION = YES;
				CLANG_WARN_INFINITE_RECURSION = YES;
				CLANG_WARN_INT_CONVERSION = YES;
				CLANG_WARN_NON_LITERAL_NULL_CONVERSION = YES;
				CLANG_WARN_OBJC_IMPLICIT_RETAIN_SELF = YES;
				CLANG_WARN_OBJC_LITERAL_CONVERSION = YES;
				CLANG_WARN_OBJC_ROOT_CLASS = YES_ERROR;
				CLANG_WARN_QUOTED_INCLUDE_IN_FRAMEWORK_HEADER = YES;
				CLANG_WARN_RANGE_LOOP_ANALYSIS = YES;
				CLANG_WARN_STRICT_PROTOTYPES = YES;
				CLANG_WARN_SUSPICIOUS_MOVE = YES;
				CLANG_WARN_UNGUARDED_AVAILABILITY = YES_AGGRESSIVE;
				CLANG_WARN_UNREACHABLE_CODE = YES;
				CLANG_WARN__DUPLICATE_METHOD_MATCH = YES;
				COPY_PHASE_STRIP = NO;
				DEBUG_INFORMATION_FORMAT = "dwarf-with-dsym";
				ENABLE_NS_ASSERTIONS = NO;
				ENABLE_STRICT_OBJC_MSGSEND = YES;
				GCC_C_LANGUAGE_STANDARD = gnu11;
				GCC_NO_COMMON_BLOCKS = YES;
				GCC_WARN_64_TO_32_BIT_CONVERSION = YES;
				GCC_WARN_ABOUT_RETURN_TYPE = YES_ERROR;
				GCC_WARN_UNDECLARED_SELECTOR = YES;
				GCC_WARN_UNINITIALIZED_AUTOS = YES_AGGRESSIVE;
				GCC_WARN_UNUSED_FUNCTION = YES;
				GCC_WARN_UNUSED_VARIABLE = YES;
				IPHONEOS_DEPLOYMENT_TARGET = 16.2;
				MTL_ENABLE_DEBUG_INFO = NO;
				MTL_FAST_MATH = YES;
				SDKROOT = iphoneos;
				SWIFT_COMPILATION_MODE = wholemodule;
				SWIFT_OPTIMIZATION_LEVEL = "-O";
				VALIDATE_PRODUCT = YES;
			};
			name = Release;
		};
		AC1E569D298C7BE70051F192 /* Debug */ = {
			isa = XCBuildConfiguration;
			buildSettings = {
				ASSETCATALOG_COMPILER_APPICON_NAME = AppIcon;
				ASSETCATALOG_COMPILER_GLOBAL_ACCENT_COLOR_NAME = AccentColor;
				CODE_SIGN_STYLE = Automatic;
				CURRENT_PROJECT_VERSION = 1;
				DEVELOPMENT_ASSET_PATHS = "\"flight-plan-viewer/Preview Content\"";
				DEVELOPMENT_TEAM = 5P58GHJQNV;
				ENABLE_PREVIEWS = YES;
				ENABLE_TESTING_SEARCH_PATHS = YES;
				GENERATE_INFOPLIST_FILE = YES;
				INFOPLIST_FILE = "flight-plan-viewer/Info.plist";
				INFOPLIST_KEY_UIApplicationSupportsIndirectInputEvents = YES;
				INFOPLIST_KEY_UILaunchScreen_Generation = YES;
				INFOPLIST_KEY_UISupportedInterfaceOrientations_iPad = "UIInterfaceOrientationPortrait UIInterfaceOrientationPortraitUpsideDown UIInterfaceOrientationLandscapeLeft UIInterfaceOrientationLandscapeRight";
				INFOPLIST_KEY_UISupportedInterfaceOrientations_iPhone = "UIInterfaceOrientationPortrait UIInterfaceOrientationLandscapeLeft UIInterfaceOrientationLandscapeRight";
				IPHONEOS_DEPLOYMENT_TARGET = 16.0;
				LD_RUNPATH_SEARCH_PATHS = (
					"$(inherited)",
					"@executable_path/Frameworks",
				);
				MARKETING_VERSION = 1.0;
				PRODUCT_BUNDLE_IDENTIFIER = "chestersapps.flight-plan-viewer";
				PRODUCT_NAME = "$(TARGET_NAME)";
				SWIFT_EMIT_LOC_STRINGS = YES;
				SWIFT_VERSION = 5.0;
				TARGETED_DEVICE_FAMILY = "1,2";
			};
			name = Debug;
		};
		AC1E569E298C7BE70051F192 /* Release */ = {
			isa = XCBuildConfiguration;
			buildSettings = {
				ASSETCATALOG_COMPILER_APPICON_NAME = AppIcon;
				ASSETCATALOG_COMPILER_GLOBAL_ACCENT_COLOR_NAME = AccentColor;
				CODE_SIGN_STYLE = Automatic;
				CURRENT_PROJECT_VERSION = 1;
				DEVELOPMENT_ASSET_PATHS = "\"flight-plan-viewer/Preview Content\"";
				DEVELOPMENT_TEAM = 5P58GHJQNV;
				ENABLE_PREVIEWS = YES;
				ENABLE_TESTING_SEARCH_PATHS = YES;
				GENERATE_INFOPLIST_FILE = YES;
				INFOPLIST_FILE = "flight-plan-viewer/Info.plist";
				INFOPLIST_KEY_UIApplicationSupportsIndirectInputEvents = YES;
				INFOPLIST_KEY_UILaunchScreen_Generation = YES;
				INFOPLIST_KEY_UISupportedInterfaceOrientations_iPad = "UIInterfaceOrientationPortrait UIInterfaceOrientationPortraitUpsideDown UIInterfaceOrientationLandscapeLeft UIInterfaceOrientationLandscapeRight";
				INFOPLIST_KEY_UISupportedInterfaceOrientations_iPhone = "UIInterfaceOrientationPortrait UIInterfaceOrientationLandscapeLeft UIInterfaceOrientationLandscapeRight";
				IPHONEOS_DEPLOYMENT_TARGET = 16.0;
				LD_RUNPATH_SEARCH_PATHS = (
					"$(inherited)",
					"@executable_path/Frameworks",
				);
				MARKETING_VERSION = 1.0;
				PRODUCT_BUNDLE_IDENTIFIER = "chestersapps.flight-plan-viewer";
				PRODUCT_NAME = "$(TARGET_NAME)";
				SWIFT_EMIT_LOC_STRINGS = YES;
				SWIFT_VERSION = 5.0;
				TARGETED_DEVICE_FAMILY = "1,2";
			};
			name = Release;
		};
		AC1E56A0298C7BE70051F192 /* Debug */ = {
			isa = XCBuildConfiguration;
			buildSettings = {
				ALWAYS_EMBED_SWIFT_STANDARD_LIBRARIES = YES;
				BUNDLE_LOADER = "$(TEST_HOST)";
				CODE_SIGN_STYLE = Automatic;
				CURRENT_PROJECT_VERSION = 1;
				DEVELOPMENT_TEAM = 5P58GHJQNV;
				GENERATE_INFOPLIST_FILE = YES;
				IPHONEOS_DEPLOYMENT_TARGET = 16.2;
				MARKETING_VERSION = 1.0;
				PRODUCT_BUNDLE_IDENTIFIER = "chestersapps.flight-plan-viewerTests";
				PRODUCT_NAME = "$(TARGET_NAME)";
				SWIFT_EMIT_LOC_STRINGS = NO;
				SWIFT_VERSION = 5.0;
				TARGETED_DEVICE_FAMILY = "1,2";
				TEST_HOST = "$(BUILT_PRODUCTS_DIR)/flight-plan-viewer.app/$(BUNDLE_EXECUTABLE_FOLDER_PATH)/flight-plan-viewer";
			};
			name = Debug;
		};
		AC1E56A1298C7BE70051F192 /* Release */ = {
			isa = XCBuildConfiguration;
			buildSettings = {
				ALWAYS_EMBED_SWIFT_STANDARD_LIBRARIES = YES;
				BUNDLE_LOADER = "$(TEST_HOST)";
				CODE_SIGN_STYLE = Automatic;
				CURRENT_PROJECT_VERSION = 1;
				DEVELOPMENT_TEAM = 5P58GHJQNV;
				GENERATE_INFOPLIST_FILE = YES;
				IPHONEOS_DEPLOYMENT_TARGET = 16.2;
				MARKETING_VERSION = 1.0;
				PRODUCT_BUNDLE_IDENTIFIER = "chestersapps.flight-plan-viewerTests";
				PRODUCT_NAME = "$(TARGET_NAME)";
				SWIFT_EMIT_LOC_STRINGS = NO;
				SWIFT_VERSION = 5.0;
				TARGETED_DEVICE_FAMILY = "1,2";
				TEST_HOST = "$(BUILT_PRODUCTS_DIR)/flight-plan-viewer.app/$(BUNDLE_EXECUTABLE_FOLDER_PATH)/flight-plan-viewer";
			};
			name = Release;
		};
/* End XCBuildConfiguration section */

/* Begin XCConfigurationList section */
		AC1E5673298C7BE40051F192 /* Build configuration list for PBXProject "flight-plan-viewer" */ = {
			isa = XCConfigurationList;
			buildConfigurations = (
				AC1E569A298C7BE70051F192 /* Debug */,
				AC1E569B298C7BE70051F192 /* Release */,
			);
			defaultConfigurationIsVisible = 0;
			defaultConfigurationName = Release;
		};
		AC1E569C298C7BE70051F192 /* Build configuration list for PBXNativeTarget "flight-plan-viewer" */ = {
			isa = XCConfigurationList;
			buildConfigurations = (
				AC1E569D298C7BE70051F192 /* Debug */,
				AC1E569E298C7BE70051F192 /* Release */,
			);
			defaultConfigurationIsVisible = 0;
			defaultConfigurationName = Release;
		};
		AC1E569F298C7BE70051F192 /* Build configuration list for PBXNativeTarget "flight-plan-viewerTests" */ = {
			isa = XCConfigurationList;
			buildConfigurations = (
				AC1E56A0298C7BE70051F192 /* Debug */,
				AC1E56A1298C7BE70051F192 /* Release */,
			);
			defaultConfigurationIsVisible = 0;
			defaultConfigurationName = Release;
		};
/* End XCConfigurationList section */

/* Begin XCRemoteSwiftPackageReference section */
		AC4F9F45298DEF2D0002B959 /* XCRemoteSwiftPackageReference "Mocker" */ = {
			isa = XCRemoteSwiftPackageReference;
			repositoryURL = "https://github.com/WeTransfer/Mocker";
			requirement = {
				kind = upToNextMajorVersion;
				minimumVersion = 3.0.0;
			};
		};
		ACDED082298DB28F00773C16 /* XCRemoteSwiftPackageReference "Alamofire" */ = {
			isa = XCRemoteSwiftPackageReference;
			repositoryURL = "https://github.com/Alamofire/Alamofire.git";
			requirement = {
				kind = upToNextMajorVersion;
				minimumVersion = 5.0.0;
			};
		};
/* End XCRemoteSwiftPackageReference section */

/* Begin XCSwiftPackageProductDependency section */
		AC4F9F46298DEF2D0002B959 /* Mocker */ = {
			isa = XCSwiftPackageProductDependency;
			package = AC4F9F45298DEF2D0002B959 /* XCRemoteSwiftPackageReference "Mocker" */;
			productName = Mocker;
		};
		ACDED083298DB28F00773C16 /* Alamofire */ = {
			isa = XCSwiftPackageProductDependency;
			package = ACDED082298DB28F00773C16 /* XCRemoteSwiftPackageReference "Alamofire" */;
			productName = Alamofire;
		};
/* End XCSwiftPackageProductDependency section */
	};
	rootObject = AC1E5670298C7BE40051F192 /* Project object */;
}
